
Microsoft Visual Studio Solution File, Format Version 12.00
# Visual Studio 15
VisualStudioVersion = 15.0.28307.779
MinimumVisualStudioVersion = 10.0.40219.1
Project("{FAE04EC0-301F-11D3-BF4B-00C04F79EFBC}") = "Chat", "Chat\Chat.csproj", "{A4365CF7-1B3F-480E-B62F-0C6B76F1D464}"
EndProject
Project("{FAE04EC0-301F-11D3-BF4B-00C04F79EFBC}") = "WpfClient", "WpfClient\WpfClient.csproj", "{4D0031F4-1366-4261-AAA6-2AE5560CDD69}"
EndProject
Project("{FAE04EC0-301F-11D3-BF4B-00C04F79EFBC}") = "ConsoleClient", "ConsoleClient\ConsoleClient.csproj", "{200AB270-8CB1-49E6-9A3D-221A1E3EBAC5}"
EndProject
Global
	GlobalSection(SolutionConfigurationPlatforms) = preSolution
		Debug|Any CPU = Debug|Any CPU
		Release|Any CPU = Release|Any CPU
	EndGlobalSection
	GlobalSection(ProjectConfigurationPlatforms) = postSolution
		{A4365CF7-1B3F-480E-B62F-0C6B76F1D464}.Debug|Any CPU.ActiveCfg = Debug|Any CPU
		{A4365CF7-1B3F-480E-B62F-0C6B76F1D464}.Debug|Any CPU.Build.0 = Debug|Any CPU
		{A4365CF7-1B3F-480E-B62F-0C6B76F1D464}.Release|Any CPU.ActiveCfg = Release|Any CPU
		{A4365CF7-1B3F-480E-B62F-0C6B76F1D464}.Release|Any CPU.Build.0 = Release|Any CPU
		{4D0031F4-1366-4261-AAA6-2AE5560CDD69}.Debug|Any CPU.ActiveCfg = Debug|Any CPU
		{4D0031F4-1366-4261-AAA6-2AE5560CDD69}.Debug|Any CPU.Build.0 = Debug|Any CPU
		{4D0031F4-1366-4261-AAA6-2AE5560CDD69}.Release|Any CPU.ActiveCfg = Release|Any CPU
		{4D0031F4-1366-4261-AAA6-2AE5560CDD69}.Release|Any CPU.Build.0 = Release|Any CPU
		{200AB270-8CB1-49E6-9A3D-221A1E3EBAC5}.Debug|Any CPU.ActiveCfg = Debug|Any CPU
		{200AB270-8CB1-49E6-9A3D-221A1E3EBAC5}.Debug|Any CPU.Build.0 = Debug|Any CPU
		{200AB270-8CB1-49E6-9A3D-221A1E3EBAC5}.Release|Any CPU.ActiveCfg = Release|Any CPU
		{200AB270-8CB1-49E6-9A3D-221A1E3EBAC5}.Release|Any CPU.Build.0 = Release|Any CPU
	EndGlobalSection
	GlobalSection(SolutionProperties) = preSolution
		HideSolutionNode = FALSE
	EndGlobalSection
	GlobalSection(ExtensibilityGlobals) = postSolution
		SolutionGuid = {FA1EF713-D785-4C9C-BEEA-C92010CD1314}
	EndGlobalSection
EndGlobal
